// !$*UTF8*$!
{
	archiveVersion = 1;
	classes = {
	};
	objectVersion = 50;
	objects = {

/* Begin PBXBuildFile section */
		FEC4679721FA4CD700DA29F7 /* AppDelegate.swift in Sources */ = {isa = PBXBuildFile; fileRef = FEC4679621FA4CD700DA29F7 /* AppDelegate.swift */; };
		FEC4679921FA4CD700DA29F7 /* ViewController.swift in Sources */ = {isa = PBXBuildFile; fileRef = FEC4679821FA4CD700DA29F7 /* ViewController.swift */; };
		FEC4679C21FA4CD700DA29F7 /* Main.storyboard in Resources */ = {isa = PBXBuildFile; fileRef = FEC4679A21FA4CD700DA29F7 /* Main.storyboard */; };
		FEC4679E21FA4CD700DA29F7 /* Assets.xcassets in Resources */ = {isa = PBXBuildFile; fileRef = FEC4679D21FA4CD700DA29F7 /* Assets.xcassets */; };
		FEC467A121FA4CD700DA29F7 /* LaunchScreen.storyboard in Resources */ = {isa = PBXBuildFile; fileRef = FEC4679F21FA4CD700DA29F7 /* LaunchScreen.storyboard */; };
		FEC467AA21FA4D1600DA29F7 /* Sound.wav in Resources */ = {isa = PBXBuildFile; fileRef = FEC467A821FA4D1500DA29F7 /* Sound.wav */; };
		FEC467AB21FA4D1600DA29F7 /* Music.mp3 in Resources */ = {isa = PBXBuildFile; fileRef = FEC467A921FA4D1600DA29F7 /* Music.mp3 */; };
		FEC467AE21FA4DAB00DA29F7 /* AVFoundation.framework in Frameworks */ = {isa = PBXBuildFile; fileRef = FEC467AD21FA4DAB00DA29F7 /* AVFoundation.framework */; };
/* End PBXBuildFile section */

/* Begin PBXFileReference section */
		FEC4679321FA4CD700DA29F7 /* PlayingSounds.app */ = {isa = PBXFileReference; explicitFileType = wrapper.application; includeInIndex = 0; path = PlayingSounds.app; sourceTree = BUILT_PRODUCTS_DIR; };
		FEC4679621FA4CD700DA29F7 /* AppDelegate.swift */ = {isa = PBXFileReference; lastKnownFileType = sourcecode.swift; path = AppDelegate.swift; sourceTree = "<group>"; };
		FEC4679821FA4CD700DA29F7 /* ViewController.swift */ = {isa = PBXFileReference; lastKnownFileType = sourcecode.swift; path = ViewController.swift; sourceTree = "<group>"; };
		FEC4679B21FA4CD700DA29F7 /* Base */ = {isa = PBXFileReference; lastKnownFileType = file.storyboard; name = Base; path = Base.lproj/Main.storyboard; sourceTree = "<group>"; };
		FEC4679D21FA4CD700DA29F7 /* Assets.xcassets */ = {isa = PBXFileReference; lastKnownFileType = folder.assetcatalog; path = Assets.xcassets; sourceTree = "<group>"; };
		FEC467A021FA4CD700DA29F7 /* Base */ = {isa = PBXFileReference; lastKnownFileType = file.storyboard; name = Base; path = Base.lproj/LaunchScreen.storyboard; sourceTree = "<group>"; };
		FEC467A221FA4CD700DA29F7 /* Info.plist */ = {isa = PBXFileReference; lastKnownFileType = text.plist.xml; path = Info.plist; sourceTree = "<group>"; };
		FEC467A821FA4D1500DA29F7 /* Sound.wav */ = {isa = PBXFileReference; lastKnownFileType = audio.wav; path = Sound.wav; sourceTree = "<group>"; };
		FEC467A921FA4D1600DA29F7 /* Music.mp3 */ = {isa = PBXFileReference; lastKnownFileType = audio.mp3; path = Music.mp3; sourceTree = "<group>"; };
		FEC467AD21FA4DAB00DA29F7 /* AVFoundation.framework */ = {isa = PBXFileReference; lastKnownFileType = wrapper.framework; name = AVFoundation.framework; path = System/Library/Frameworks/AVFoundation.framework; sourceTree = SDKROOT; };
/* End PBXFileReference section */

/* Begin PBXFrameworksBuildPhase section */
		FEC4679021FA4CD700DA29F7 /* Frameworks */ = {
			isa = PBXFrameworksBuildPhase;
			buildActionMask = 2147483647;
			files = (
				FEC467AE21FA4DAB00DA29F7 /* AVFoundation.framework in Frameworks */,
			);
			runOnlyForDeploymentPostprocessing = 0;
		};
/* End PBXFrameworksBuildPhase section */

/* Begin PBXGroup section */
		FEC4678A21FA4CD700DA29F7 = {
			isa = PBXGroup;
			children = (
				FEC4679521FA4CD700DA29F7 /* PlayingSounds */,
				FEC4679421FA4CD700DA29F7 /* Products */,
				FEC467AC21FA4DAB00DA29F7 /* Frameworks */,
			);
			sourceTree = "<group>";
		};
		FEC4679421FA4CD700DA29F7 /* Products */ = {
			isa = PBXGroup;
			children = (
				FEC4679321FA4CD700DA29F7 /* PlayingSounds.app */,
			);
			name = Products;
			sourceTree = "<group>";
		};
		FEC4679521FA4CD700DA29F7 /* PlayingSounds */ = {
			isa = PBXGroup;
			children = (
				FEC4679621FA4CD700DA29F7 /* AppDelegate.swift */,
				FEC4679821FA4CD700DA29F7 /* ViewController.swift */,
				FEC4679A21FA4CD700DA29F7 /* Main.storyboard */,
				FEC4679D21FA4CD700DA29F7 /* Assets.xcassets */,
				FEC4679F21FA4CD700DA29F7 /* LaunchScreen.storyboard */,
				FEC467A221FA4CD700DA29F7 /* Info.plist */,
				FEC467A921FA4D1600DA29F7 /* Music.mp3 */,
				FEC467A821FA4D1500DA29F7 /* Sound.wav */,
			);
			path = PlayingSounds;
			sourceTree = "<group>";
		};
		FEC467AC21FA4DAB00DA29F7 /* Frameworks */ = {
			isa = PBXGroup;
			children = (
				FEC467AD21FA4DAB00DA29F7 /* AVFoundation.framework */,
			);
			name = Frameworks;
			sourceTree = "<group>";
		};
/* End PBXGroup section */

/* Begin PBXNativeTarget section */
		FEC4679221FA4CD700DA29F7 /* PlayingSounds */ = {
			isa = PBXNativeTarget;
			buildConfigurationList = FEC467A521FA4CD700DA29F7 /* Build configuration list for PBXNativeTarget "PlayingSounds" */;
			buildPhases = (
				FEC4678F21FA4CD700DA29F7 /* Sources */,
				FEC4679021FA4CD700DA29F7 /* Frameworks */,
				FEC4679121FA4CD700DA29F7 /* Resources */,
			);
			buildRules = (
			);
			dependencies = (
			);
			name = PlayingSounds;
			productName = PlayingSounds;
			productReference = FEC4679321FA4CD700DA29F7 /* PlayingSounds.app */;
			productType = "com.apple.product-type.application";
		};
/* End PBXNativeTarget section */

/* Begin PBXProject section */
		FEC4678B21FA4CD700DA29F7 /* Project object */ = {
			isa = PBXProject;
			attributes = {
				LastSwiftUpdateCheck = 1010;
				LastUpgradeCheck = 1010;
				ORGANIZATIONNAME = "Terry Dengis";
				TargetAttributes = {
					FEC4679221FA4CD700DA29F7 = {
						CreatedOnToolsVersion = 10.1;
					};
				};
			};
			buildConfigurationList = FEC4678E21FA4CD700DA29F7 /* Build configuration list for PBXProject "PlayingSounds" */;
			compatibilityVersion = "Xcode 9.3";
			developmentRegion = en;
			hasScannedForEncodings = 0;
			knownRegions = (
				en,
				Base,
			);
			mainGroup = FEC4678A21FA4CD700DA29F7;
			productRefGroup = FEC4679421FA4CD700DA29F7 /* Products */;
			projectDirPath = "";
			projectRoot = "";
			targets = (
				FEC4679221FA4CD700DA29F7 /* PlayingSounds */,
			);
		};
/* End PBXProject section */

/* Begin PBXResourcesBuildPhase section */
		FEC4679121FA4CD700DA29F7 /* Resources */ = {
			isa = PBXResourcesBuildPhase;
			buildActionMask = 2147483647;
			files = (
				FEC467A121FA4CD700DA29F7 /* LaunchScreen.storyboard in Resources */,
				FEC4679E21FA4CD700DA29F7 /* Assets.xcassets in Resources */,
				FEC467AB21FA4D1600DA29F7 /* Music.mp3 in Resources */,
				FEC467AA21FA4D1600DA29F7 /* Sound.wav in Resources */,
				FEC4679C21FA4CD700DA29F7 /* Main.storyboard in Resources */,
			);
			runOnlyForDeploymentPostprocessing = 0;
		};
/* End PBXResourcesBuildPhase section */

/* Begin PBXSourcesBuildPhase section */
		FEC4678F21FA4CD700DA29F7 /* Sources */ = {
			isa = PBXSourcesBuildPhase;
			buildActionMask = 2147483647;
			files = (
				FEC4679921FA4CD700DA29F7 /* ViewController.swift in Sources */,
				FEC4679721FA4CD700DA29F7 /* AppDelegate.swift in Sources */,
			);
			runOnlyForDeploymentPostprocessing = 0;
		};
/* End PBXSourcesBuildPhase section */

/* Begin PBXVariantGroup section */
		FEC4679A21FA4CD700DA29F7 /* Main.storyboard */ = {
			isa = PBXVariantGroup;
			children = (
				FEC4679B21FA4CD700DA29F7 /* Base */,
			);
			name = Main.storyboard;
			sourceTree = "<group>";
		};
		FEC4679F21FA4CD700DA29F7 /* LaunchScreen.storyboard */ = {
			isa = PBXVariantGroup;
			children = (
				FEC467A021FA4CD700DA29F7 /* Base */,
			);
			name = LaunchScreen.storyboard;
			sourceTree = "<group>";
		};
/* End PBXVariantGroup section */

/* Begin XCBuildConfiguration section */
		FEC467A321FA4CD700DA29F7 /* Debug */ = {
			isa = XCBuildConfiguration;
			buildSettings = {
				ALWAYS_SEARCH_USER_PATHS = NO;
				CLANG_ANALYZER_NONNULL = YES;
				CLANG_ANALYZER_NUMBER_OBJECT_CONVERSION = YES_AGGRESSIVE;
				CLANG_CXX_LANGUAGE_STANDARD = "gnu++14";
				CLANG_CXX_LIBRARY = "libc++";
				CLANG_ENABLE_MODULES = YES;
				CLANG_ENABLE_OBJC_ARC = YES;
				CLANG_ENABLE_OBJC_WEAK = YES;
				CLANG_WARN_BLOCK_CAPTURE_AUTORELEASING = YES;
				CLANG_WARN_BOOL_CONVERSION = YES;
				CLANG_WARN_COMMA = YES;
				CLANG_WARN_CONSTANT_CONVERSION = YES;
				CLANG_WARN_DEPRECATED_OBJC_IMPLEMENTATIONS = YES;
				CLANG_WARN_DIRECT_OBJC_ISA_USAGE = YES_ERROR;
				CLANG_WARN_DOCUMENTATION_COMMENTS = YES;
				CLANG_WARN_EMPTY_BODY = YES;
				CLANG_WARN_ENUM_CONVERSION = YES;
				CLANG_WARN_INFINITE_RECURSION = YES;
				CLANG_WARN_INT_CONVERSION = YES;
				CLANG_WARN_NON_LITERAL_NULL_CONVERSION = YES;
				CLANG_WARN_OBJC_IMPLICIT_RETAIN_SELF = YES;
				CLANG_WARN_OBJC_LITERAL_CONVERSION = YES;
				CLANG_WARN_OBJC_ROOT_CLASS = YES_ERROR;
				CLANG_WARN_RANGE_LOOP_ANALYSIS = YES;
				CLANG_WARN_STRICT_PROTOTYPES = YES;
				CLANG_WARN_SUSPICIOUS_MOVE = YES;
				CLANG_WARN_UNGUARDED_AVAILABILITY = YES_AGGRESSIVE;
				CLANG_WARN_UNREACHABLE_CODE = YES;
				CLANG_WARN__DUPLICATE_METHOD_MATCH = YES;
				CODE_SIGN_IDENTITY = "iPhone Developer";
				COPY_PHASE_STRIP = NO;
				DEBUG_INFORMATION_FORMAT = dwarf;
				ENABLE_STRICT_OBJC_MSGSEND = YES;
				ENABLE_TESTABILITY = YES;
				GCC_C_LANGUAGE_STANDARD = gnu11;
				GCC_DYNAMIC_NO_PIC = NO;
				GCC_NO_COMMON_BLOCKS = YES;
				GCC_OPTIMIZATION_LEVEL = 0;
				GCC_PREPROCESSOR_DEFINITIONS = (
					"DEBUG=1",
					"$(inherited)",
				);
				GCC_WARN_64_TO_32_BIT_CONVERSION = YES;
				GCC_WARN_ABOUT_RETURN_TYPE = YES_ERROR;
				GCC_WARN_UNDECLARED_SELECTOR = YES;
				GCC_WARN_UNINITIALIZED_AUTOS = YES_AGGRESSIVE;
				GCC_WARN_UNUSED_FUNCTION = YES;
				GCC_WARN_UNUSED_VARIABLE = YES;
				IPHONEOS_DEPLOYMENT_TARGET = 12.1;
				MTL_ENABLE_DEBUG_INFO = INCLUDE_SOURCE;
				MTL_FAST_MATH = YES;
				ONLY_ACTIVE_ARCH = YES;
				SDKROOT = iphoneos;
				SWIFT_ACTIVE_COMPILATION_CONDITIONS = DEBUG;
				SWIFT_OPTIMIZATION_LEVEL = "-Onone";
			};
			name = Debug;
		};
		FEC467A421FA4CD700DA29F7 /* Release */ = {
			isa = XCBuildConfiguration;
			buildSettings = {
				ALWAYS_SEARCH_USER_PATHS = NO;
				CLANG_ANALYZER_NONNULL = YES;
				CLANG_ANALYZER_NUMBER_OBJECT_CONVERSION = YES_AGGRESSIVE;
				CLANG_CXX_LANGUAGE_STANDARD = "gnu++14";
				CLANG_CXX_LIBRARY = "libc++";
				CLANG_ENABLE_MODULES = YES;
				CLANG_ENABLE_OBJC_ARC = YES;
				CLANG_ENABLE_OBJC_WEAK = YES;
				CLANG_WARN_BLOCK_CAPTURE_AUTORELEASING = YES;
				CLANG_WARN_BOOL_CONVERSION = YES;
				CLANG_WARN_COMMA = YES;
				CLANG_WARN_CONSTANT_CONVERSION = YES;
				CLANG_WARN_DEPRECATED_OBJC_IMPLEMENTATIONS = YES;
				CLANG_WARN_DIRECT_OBJC_ISA_USAGE = YES_ERROR;
				CLANG_WARN_DOCUMENTATION_COMMENTS = YES;
				CLANG_WARN_EMPTY_BODY = YES;
				CLANG_WARN_ENUM_CONVERSION = YES;
				CLANG_WARN_INFINITE_RECURSION = YES;
				CLANG_WARN_INT_CONVERSION = YES;
				CLANG_WARN_NON_LITERAL_NULL_CONVERSION = YES;
				CLANG_WARN_OBJC_IMPLICIT_RETAIN_SELF = YES;
				CLANG_WARN_OBJC_LITERAL_CONVERSION = YES;
				CLANG_WARN_OBJC_ROOT_CLASS = YES_ERROR;
				CLANG_WARN_RANGE_LOOP_ANALYSIS = YES;
				CLANG_WARN_STRICT_PROTOTYPES = YES;
				CLANG_WARN_SUSPICIOUS_MOVE = YES;
				CLANG_WARN_UNGUARDED_AVAILABILITY = YES_AGGRESSIVE;
				CLANG_WARN_UNREACHABLE_CODE = YES;
				CLANG_WARN__DUPLICATE_METHOD_MATCH = YES;
				CODE_SIGN_IDENTITY = "iPhone Developer";
				COPY_PHASE_STRIP = NO;
				DEBUG_INFORMATION_FORMAT = "dwarf-with-dsym";
				ENABLE_NS_ASSERTIONS = NO;
				ENABLE_STRICT_OBJC_MSGSEND = YES;
				GCC_C_LANGUAGE_STANDARD = gnu11;
				GCC_NO_COMMON_BLOCKS = YES;
				GCC_WARN_64_TO_32_BIT_CONVERSION = YES;
				GCC_WARN_ABOUT_RETURN_TYPE = YES_ERROR;
				GCC_WARN_UNDECLARED_SELECTOR = YES;
				GCC_WARN_UNINITIALIZED_AUTOS = YES_AGGRESSIVE;
				GCC_WARN_UNUSED_FUNCTION = YES;
				GCC_WARN_UNUSED_VARIABLE = YES;
				IPHONEOS_DEPLOYMENT_TARGET = 12.1;
				MTL_ENABLE_DEBUG_INFO = NO;
				MTL_FAST_MATH = YES;
				SDKROOT = iphoneos;
				SWIFT_COMPILATION_MODE = wholemodule;
				SWIFT_OPTIMIZATION_LEVEL = "-O";
				VALIDATE_PRODUCT = YES;
			};
			name = Release;
		};
		FEC467A621FA4CD700DA29F7 /* Debug */ = {
			isa = XCBuildConfiguration;
			buildSettings = {
				ASSETCATALOG_COMPILER_APPICON_NAME = AppIcon;
				CODE_SIGN_STYLE = Automatic;
				DEVELOPMENT_TEAM = 8WA3Q4R937;
				INFOPLIST_FILE = PlayingSounds/Info.plist;
				LD_RUNPATH_SEARCH_PATHS = (
					"$(inherited)",
					"@executable_path/Frameworks",
				);
				PRODUCT_BUNDLE_IDENTIFIER = com.Wavelength.PlayingSounds;
				PRODUCT_NAME = "$(TARGET_NAME)";
				SWIFT_VERSION = 4.2;
				TARGETED_DEVICE_FAMILY = "1,2";
			};
			name = Debug;
		};
		FEC467A721FA4CD700DA29F7 /* Release */ = {
			isa = XCBuildConfiguration;
			buildSettings = {
				ASSETCATALOG_COMPILER_APPICON_NAME = AppIcon;
				CODE_SIGN_STYLE = Automatic;
				DEVELOPMENT_TEAM = 8WA3Q4R937;
				INFOPLIST_FILE = PlayingSounds/Info.plist;
				LD_RUNPATH_SEARCH_PATHS = (
					"$(inherited)",
					"@executable_path/Frameworks",
				);
				PRODUCT_BUNDLE_IDENTIFIER = com.Wavelength.PlayingSounds;
				PRODUCT_NAME = "$(TARGET_NAME)";
				SWIFT_VERSION = 4.2;
				TARGETED_DEVICE_FAMILY = "1,2";
			};
			name = Release;
		};
/* End XCBuildConfiguration section */

/* Begin XCConfigurationList section */
		FEC4678E21FA4CD700DA29F7 /* Build configuration list for PBXProject "PlayingSounds" */ = {
			isa = XCConfigurationList;
			buildConfigurations = (
				FEC467A321FA4CD700DA29F7 /* Debug */,
				FEC467A421FA4CD700DA29F7 /* Release */,
			);
			defaultConfigurationIsVisible = 0;
			defaultConfigurationName = Release;
		};
		FEC467A521FA4CD700DA29F7 /* Build configuration list for PBXNativeTarget "PlayingSounds" */ = {
			isa = XCConfigurationList;
			buildConfigurations = (
				FEC467A621FA4CD700DA29F7 /* Debug */,
				FEC467A721FA4CD700DA29F7 /* Release */,
			);
			defaultConfigurationIsVisible = 0;
			defaultConfigurationName = Release;
		};
/* End XCConfigurationList section */
	};
	rootObject = FEC4678B21FA4CD700DA29F7 /* Project object */;
}
