// !$*UTF8*$!
{
	archiveVersion = 1;
	classes = {
	};
	objectVersion = 50;
	objects = {

/* Begin PBXBuildFile section */
		FEC7FF1921D6F77200919984 /* AppDelegate.swift in Sources */ = {isa = PBXBuildFile; fileRef = FEC7FF1821D6F77200919984 /* AppDelegate.swift */; };
		FEC7FF1B21D6F77200919984 /* ViewController.swift in Sources */ = {isa = PBXBuildFile; fileRef = FEC7FF1A21D6F77200919984 /* ViewController.swift */; };
		FEC7FF1E21D6F77200919984 /* Main.storyboard in Resources */ = {isa = PBXBuildFile; fileRef = FEC7FF1C21D6F77200919984 /* Main.storyboard */; };
		FEC7FF2021D6F77300919984 /* Assets.xcassets in Resources */ = {isa = PBXBuildFile; fileRef = FEC7FF1F21D6F77300919984 /* Assets.xcassets */; };
		FEC7FF2321D6F77300919984 /* LaunchScreen.storyboard in Resources */ = {isa = PBXBuildFile; fileRef = FEC7FF2121D6F77300919984 /* LaunchScreen.storyboard */; };
		FEC7FF2B21D728C800919984 /* SettingsViewController.swift in Sources */ = {isa = PBXBuildFile; fileRef = FEC7FF2A21D728C800919984 /* SettingsViewController.swift */; };
/* End PBXBuildFile section */

/* Begin PBXFileReference section */
		FEC7FF1521D6F77200919984 /* DoodleBug.app */ = {isa = PBXFileReference; explicitFileType = wrapper.application; includeInIndex = 0; path = DoodleBug.app; sourceTree = BUILT_PRODUCTS_DIR; };
		FEC7FF1821D6F77200919984 /* AppDelegate.swift */ = {isa = PBXFileReference; lastKnownFileType = sourcecode.swift; path = AppDelegate.swift; sourceTree = "<group>"; };
		FEC7FF1A21D6F77200919984 /* ViewController.swift */ = {isa = PBXFileReference; lastKnownFileType = sourcecode.swift; path = ViewController.swift; sourceTree = "<group>"; };
		FEC7FF1D21D6F77200919984 /* Base */ = {isa = PBXFileReference; lastKnownFileType = file.storyboard; name = Base; path = Base.lproj/Main.storyboard; sourceTree = "<group>"; };
		FEC7FF1F21D6F77300919984 /* Assets.xcassets */ = {isa = PBXFileReference; lastKnownFileType = folder.assetcatalog; path = Assets.xcassets; sourceTree = "<group>"; };
		FEC7FF2221D6F77300919984 /* Base */ = {isa = PBXFileReference; lastKnownFileType = file.storyboard; name = Base; path = Base.lproj/LaunchScreen.storyboard; sourceTree = "<group>"; };
		FEC7FF2421D6F77300919984 /* Info.plist */ = {isa = PBXFileReference; lastKnownFileType = text.plist.xml; path = Info.plist; sourceTree = "<group>"; };
		FEC7FF2A21D728C800919984 /* SettingsViewController.swift */ = {isa = PBXFileReference; lastKnownFileType = sourcecode.swift; path = SettingsViewController.swift; sourceTree = "<group>"; };
/* End PBXFileReference section */

/* Begin PBXFrameworksBuildPhase section */
		FEC7FF1221D6F77200919984 /* Frameworks */ = {
			isa = PBXFrameworksBuildPhase;
			buildActionMask = 2147483647;
			files = (
			);
			runOnlyForDeploymentPostprocessing = 0;
		};
/* End PBXFrameworksBuildPhase section */

/* Begin PBXGroup section */
		FEC7FF0C21D6F77200919984 = {
			isa = PBXGroup;
			children = (
				FEC7FF1721D6F77200919984 /* DoodleBug */,
				FEC7FF1621D6F77200919984 /* Products */,
			);
			sourceTree = "<group>";
		};
		FEC7FF1621D6F77200919984 /* Products */ = {
			isa = PBXGroup;
			children = (
				FEC7FF1521D6F77200919984 /* DoodleBug.app */,
			);
			name = Products;
			sourceTree = "<group>";
		};
		FEC7FF1721D6F77200919984 /* DoodleBug */ = {
			isa = PBXGroup;
			children = (
				FEC7FF1821D6F77200919984 /* AppDelegate.swift */,
				FEC7FF1A21D6F77200919984 /* ViewController.swift */,
				FEC7FF2A21D728C800919984 /* SettingsViewController.swift */,
				FEC7FF1C21D6F77200919984 /* Main.storyboard */,
				FEC7FF1F21D6F77300919984 /* Assets.xcassets */,
				FEC7FF2121D6F77300919984 /* LaunchScreen.storyboard */,
				FEC7FF2421D6F77300919984 /* Info.plist */,
			);
			path = DoodleBug;
			sourceTree = "<group>";
		};
/* End PBXGroup section */

/* Begin PBXNativeTarget section */
		FEC7FF1421D6F77200919984 /* DoodleBug */ = {
			isa = PBXNativeTarget;
			buildConfigurationList = FEC7FF2721D6F77300919984 /* Build configuration list for PBXNativeTarget "DoodleBug" */;
			buildPhases = (
				FEC7FF1121D6F77200919984 /* Sources */,
				FEC7FF1221D6F77200919984 /* Frameworks */,
				FEC7FF1321D6F77200919984 /* Resources */,
			);
			buildRules = (
			);
			dependencies = (
			);
			name = DoodleBug;
			productName = DoodleBug;
			productReference = FEC7FF1521D6F77200919984 /* DoodleBug.app */;
			productType = "com.apple.product-type.application";
		};
/* End PBXNativeTarget section */

/* Begin PBXProject section */
		FEC7FF0D21D6F77200919984 /* Project object */ = {
			isa = PBXProject;
			attributes = {
				LastSwiftUpdateCheck = 1010;
				LastUpgradeCheck = 1010;
				ORGANIZATIONNAME = "Terry Dengis";
				TargetAttributes = {
					FEC7FF1421D6F77200919984 = {
						CreatedOnToolsVersion = 10.1;
					};
				};
			};
			buildConfigurationList = FEC7FF1021D6F77200919984 /* Build configuration list for PBXProject "DoodleBug" */;
			compatibilityVersion = "Xcode 9.3";
			developmentRegion = en;
			hasScannedForEncodings = 0;
			knownRegions = (
				en,
				Base,
			);
			mainGroup = FEC7FF0C21D6F77200919984;
			productRefGroup = FEC7FF1621D6F77200919984 /* Products */;
			projectDirPath = "";
			projectRoot = "";
			targets = (
				FEC7FF1421D6F77200919984 /* DoodleBug */,
			);
		};
/* End PBXProject section */

/* Begin PBXResourcesBuildPhase section */
		FEC7FF1321D6F77200919984 /* Resources */ = {
			isa = PBXResourcesBuildPhase;
			buildActionMask = 2147483647;
			files = (
				FEC7FF2321D6F77300919984 /* LaunchScreen.storyboard in Resources */,
				FEC7FF2021D6F77300919984 /* Assets.xcassets in Resources */,
				FEC7FF1E21D6F77200919984 /* Main.storyboard in Resources */,
			);
			runOnlyForDeploymentPostprocessing = 0;
		};
/* End PBXResourcesBuildPhase section */

/* Begin PBXSourcesBuildPhase section */
		FEC7FF1121D6F77200919984 /* Sources */ = {
			isa = PBXSourcesBuildPhase;
			buildActionMask = 2147483647;
			files = (
				FEC7FF1B21D6F77200919984 /* ViewController.swift in Sources */,
				FEC7FF1921D6F77200919984 /* AppDelegate.swift in Sources */,
				FEC7FF2B21D728C800919984 /* SettingsViewController.swift in Sources */,
			);
			runOnlyForDeploymentPostprocessing = 0;
		};
/* End PBXSourcesBuildPhase section */

/* Begin PBXVariantGroup section */
		FEC7FF1C21D6F77200919984 /* Main.storyboard */ = {
			isa = PBXVariantGroup;
			children = (
				FEC7FF1D21D6F77200919984 /* Base */,
			);
			name = Main.storyboard;
			sourceTree = "<group>";
		};
		FEC7FF2121D6F77300919984 /* LaunchScreen.storyboard */ = {
			isa = PBXVariantGroup;
			children = (
				FEC7FF2221D6F77300919984 /* Base */,
			);
			name = LaunchScreen.storyboard;
			sourceTree = "<group>";
		};
/* End PBXVariantGroup section */

/* Begin XCBuildConfiguration section */
		FEC7FF2521D6F77300919984 /* Debug */ = {
			isa = XCBuildConfiguration;
			buildSettings = {
				ALWAYS_SEARCH_USER_PATHS = NO;
				CLANG_ANALYZER_NONNULL = YES;
				CLANG_ANALYZER_NUMBER_OBJECT_CONVERSION = YES_AGGRESSIVE;
				CLANG_CXX_LANGUAGE_STANDARD = "gnu++14";
				CLANG_CXX_LIBRARY = "libc++";
				CLANG_ENABLE_MODULES = YES;
				CLANG_ENABLE_OBJC_ARC = YES;
				CLANG_ENABLE_OBJC_WEAK = YES;
				CLANG_WARN_BLOCK_CAPTURE_AUTORELEASING = YES;
				CLANG_WARN_BOOL_CONVERSION = YES;
				CLANG_WARN_COMMA = YES;
				CLANG_WARN_CONSTANT_CONVERSION = YES;
				CLANG_WARN_DEPRECATED_OBJC_IMPLEMENTATIONS = YES;
				CLANG_WARN_DIRECT_OBJC_ISA_USAGE = YES_ERROR;
				CLANG_WARN_DOCUMENTATION_COMMENTS = YES;
				CLANG_WARN_EMPTY_BODY = YES;
				CLANG_WARN_ENUM_CONVERSION = YES;
				CLANG_WARN_INFINITE_RECURSION = YES;
				CLANG_WARN_INT_CONVERSION = YES;
				CLANG_WARN_NON_LITERAL_NULL_CONVERSION = YES;
				CLANG_WARN_OBJC_IMPLICIT_RETAIN_SELF = YES;
				CLANG_WARN_OBJC_LITERAL_CONVERSION = YES;
				CLANG_WARN_OBJC_ROOT_CLASS = YES_ERROR;
				CLANG_WARN_RANGE_LOOP_ANALYSIS = YES;
				CLANG_WARN_STRICT_PROTOTYPES = YES;
				CLANG_WARN_SUSPICIOUS_MOVE = YES;
				CLANG_WARN_UNGUARDED_AVAILABILITY = YES_AGGRESSIVE;
				CLANG_WARN_UNREACHABLE_CODE = YES;
				CLANG_WARN__DUPLICATE_METHOD_MATCH = YES;
				CODE_SIGN_IDENTITY = "iPhone Developer";
				COPY_PHASE_STRIP = NO;
				DEBUG_INFORMATION_FORMAT = dwarf;
				ENABLE_STRICT_OBJC_MSGSEND = YES;
				ENABLE_TESTABILITY = YES;
				GCC_C_LANGUAGE_STANDARD = gnu11;
				GCC_DYNAMIC_NO_PIC = NO;
				GCC_NO_COMMON_BLOCKS = YES;
				GCC_OPTIMIZATION_LEVEL = 0;
				GCC_PREPROCESSOR_DEFINITIONS = (
					"DEBUG=1",
					"$(inherited)",
				);
				GCC_WARN_64_TO_32_BIT_CONVERSION = YES;
				GCC_WARN_ABOUT_RETURN_TYPE = YES_ERROR;
				GCC_WARN_UNDECLARED_SELECTOR = YES;
				GCC_WARN_UNINITIALIZED_AUTOS = YES_AGGRESSIVE;
				GCC_WARN_UNUSED_FUNCTION = YES;
				GCC_WARN_UNUSED_VARIABLE = YES;
				IPHONEOS_DEPLOYMENT_TARGET = 12.1;
				MTL_ENABLE_DEBUG_INFO = INCLUDE_SOURCE;
				MTL_FAST_MATH = YES;
				ONLY_ACTIVE_ARCH = YES;
				SDKROOT = iphoneos;
				SWIFT_ACTIVE_COMPILATION_CONDITIONS = DEBUG;
				SWIFT_OPTIMIZATION_LEVEL = "-Onone";
			};
			name = Debug;
		};
		FEC7FF2621D6F77300919984 /* Release */ = {
			isa = XCBuildConfiguration;
			buildSettings = {
				ALWAYS_SEARCH_USER_PATHS = NO;
				CLANG_ANALYZER_NONNULL = YES;
				CLANG_ANALYZER_NUMBER_OBJECT_CONVERSION = YES_AGGRESSIVE;
				CLANG_CXX_LANGUAGE_STANDARD = "gnu++14";
				CLANG_CXX_LIBRARY = "libc++";
				CLANG_ENABLE_MODULES = YES;
				CLANG_ENABLE_OBJC_ARC = YES;
				CLANG_ENABLE_OBJC_WEAK = YES;
				CLANG_WARN_BLOCK_CAPTURE_AUTORELEASING = YES;
				CLANG_WARN_BOOL_CONVERSION = YES;
				CLANG_WARN_COMMA = YES;
				CLANG_WARN_CONSTANT_CONVERSION = YES;
				CLANG_WARN_DEPRECATED_OBJC_IMPLEMENTATIONS = YES;
				CLANG_WARN_DIRECT_OBJC_ISA_USAGE = YES_ERROR;
				CLANG_WARN_DOCUMENTATION_COMMENTS = YES;
				CLANG_WARN_EMPTY_BODY = YES;
				CLANG_WARN_ENUM_CONVERSION = YES;
				CLANG_WARN_INFINITE_RECURSION = YES;
				CLANG_WARN_INT_CONVERSION = YES;
				CLANG_WARN_NON_LITERAL_NULL_CONVERSION = YES;
				CLANG_WARN_OBJC_IMPLICIT_RETAIN_SELF = YES;
				CLANG_WARN_OBJC_LITERAL_CONVERSION = YES;
				CLANG_WARN_OBJC_ROOT_CLASS = YES_ERROR;
				CLANG_WARN_RANGE_LOOP_ANALYSIS = YES;
				CLANG_WARN_STRICT_PROTOTYPES = YES;
				CLANG_WARN_SUSPICIOUS_MOVE = YES;
				CLANG_WARN_UNGUARDED_AVAILABILITY = YES_AGGRESSIVE;
				CLANG_WARN_UNREACHABLE_CODE = YES;
				CLANG_WARN__DUPLICATE_METHOD_MATCH = YES;
				CODE_SIGN_IDENTITY = "iPhone Developer";
				COPY_PHASE_STRIP = NO;
				DEBUG_INFORMATION_FORMAT = "dwarf-with-dsym";
				ENABLE_NS_ASSERTIONS = NO;
				ENABLE_STRICT_OBJC_MSGSEND = YES;
				GCC_C_LANGUAGE_STANDARD = gnu11;
				GCC_NO_COMMON_BLOCKS = YES;
				GCC_WARN_64_TO_32_BIT_CONVERSION = YES;
				GCC_WARN_ABOUT_RETURN_TYPE = YES_ERROR;
				GCC_WARN_UNDECLARED_SELECTOR = YES;
				GCC_WARN_UNINITIALIZED_AUTOS = YES_AGGRESSIVE;
				GCC_WARN_UNUSED_FUNCTION = YES;
				GCC_WARN_UNUSED_VARIABLE = YES;
				IPHONEOS_DEPLOYMENT_TARGET = 12.1;
				MTL_ENABLE_DEBUG_INFO = NO;
				MTL_FAST_MATH = YES;
				SDKROOT = iphoneos;
				SWIFT_COMPILATION_MODE = wholemodule;
				SWIFT_OPTIMIZATION_LEVEL = "-O";
				VALIDATE_PRODUCT = YES;
			};
			name = Release;
		};
		FEC7FF2821D6F77300919984 /* Debug */ = {
			isa = XCBuildConfiguration;
			buildSettings = {
				ASSETCATALOG_COMPILER_APPICON_NAME = AppIcon;
				CODE_SIGN_STYLE = Automatic;
				DEVELOPMENT_TEAM = 8WA3Q4R937;
				INFOPLIST_FILE = DoodleBug/Info.plist;
				LD_RUNPATH_SEARCH_PATHS = (
					"$(inherited)",
					"@executable_path/Frameworks",
				);
				PRODUCT_BUNDLE_IDENTIFIER = com.Wavelength.DoodleBug;
				PRODUCT_NAME = "$(TARGET_NAME)";
				SWIFT_VERSION = 4.2;
				TARGETED_DEVICE_FAMILY = "1,2";
			};
			name = Debug;
		};
		FEC7FF2921D6F77300919984 /* Release */ = {
			isa = XCBuildConfiguration;
			buildSettings = {
				ASSETCATALOG_COMPILER_APPICON_NAME = AppIcon;
				CODE_SIGN_STYLE = Automatic;
				DEVELOPMENT_TEAM = 8WA3Q4R937;
				INFOPLIST_FILE = DoodleBug/Info.plist;
				LD_RUNPATH_SEARCH_PATHS = (
					"$(inherited)",
					"@executable_path/Frameworks",
				);
				PRODUCT_BUNDLE_IDENTIFIER = com.Wavelength.DoodleBug;
				PRODUCT_NAME = "$(TARGET_NAME)";
				SWIFT_VERSION = 4.2;
				TARGETED_DEVICE_FAMILY = "1,2";
			};
			name = Release;
		};
/* End XCBuildConfiguration section */

/* Begin XCConfigurationList section */
		FEC7FF1021D6F77200919984 /* Build configuration list for PBXProject "DoodleBug" */ = {
			isa = XCConfigurationList;
			buildConfigurations = (
				FEC7FF2521D6F77300919984 /* Debug */,
				FEC7FF2621D6F77300919984 /* Release */,
			);
			defaultConfigurationIsVisible = 0;
			defaultConfigurationName = Release;
		};
		FEC7FF2721D6F77300919984 /* Build configuration list for PBXNativeTarget "DoodleBug" */ = {
			isa = XCConfigurationList;
			buildConfigurations = (
				FEC7FF2821D6F77300919984 /* Debug */,
				FEC7FF2921D6F77300919984 /* Release */,
			);
			defaultConfigurationIsVisible = 0;
			defaultConfigurationName = Release;
		};
/* End XCConfigurationList section */
	};
	rootObject = FEC7FF0D21D6F77200919984 /* Project object */;
}
