// !$*UTF8*$!
{
	archiveVersion = 1;
	classes = {
	};
	objectVersion = 50;
	objects = {

/* Begin PBXBuildFile section */
		12A3A762219C21B300F255E0 /* AppDelegate.swift in Sources */ = {isa = PBXBuildFile; fileRef = 12A3A761219C21B300F255E0 /* AppDelegate.swift */; };
		12A3A764219C21B300F255E0 /* ViewController.swift in Sources */ = {isa = PBXBuildFile; fileRef = 12A3A763219C21B300F255E0 /* ViewController.swift */; };
		12A3A767219C21B300F255E0 /* Main.storyboard in Resources */ = {isa = PBXBuildFile; fileRef = 12A3A765219C21B300F255E0 /* Main.storyboard */; };
		12A3A769219C21B400F255E0 /* Assets.xcassets in Resources */ = {isa = PBXBuildFile; fileRef = 12A3A768219C21B400F255E0 /* Assets.xcassets */; };
		12A3A76C219C21B400F255E0 /* LaunchScreen.storyboard in Resources */ = {isa = PBXBuildFile; fileRef = 12A3A76A219C21B400F255E0 /* LaunchScreen.storyboard */; };
		12A3A777219C21B400F255E0 /* CarStatsTests.swift in Sources */ = {isa = PBXBuildFile; fileRef = 12A3A776219C21B400F255E0 /* CarStatsTests.swift */; };
		12A3A782219C21B400F255E0 /* CarStatsUITests.swift in Sources */ = {isa = PBXBuildFile; fileRef = 12A3A781219C21B400F255E0 /* CarStatsUITests.swift */; };
		12A3A790219C2F5E00F255E0 /* carList.plist in Resources */ = {isa = PBXBuildFile; fileRef = 12A3A78F219C2F5E00F255E0 /* carList.plist */; };
/* End PBXBuildFile section */

/* Begin PBXContainerItemProxy section */
		12A3A773219C21B400F255E0 /* PBXContainerItemProxy */ = {
			isa = PBXContainerItemProxy;
			containerPortal = 12A3A756219C21B300F255E0 /* Project object */;
			proxyType = 1;
			remoteGlobalIDString = 12A3A75D219C21B300F255E0;
			remoteInfo = CarStats;
		};
		12A3A77E219C21B400F255E0 /* PBXContainerItemProxy */ = {
			isa = PBXContainerItemProxy;
			containerPortal = 12A3A756219C21B300F255E0 /* Project object */;
			proxyType = 1;
			remoteGlobalIDString = 12A3A75D219C21B300F255E0;
			remoteInfo = CarStats;
		};
/* End PBXContainerItemProxy section */

/* Begin PBXFileReference section */
		12A3A75E219C21B300F255E0 /* CarStats.app */ = {isa = PBXFileReference; explicitFileType = wrapper.application; includeInIndex = 0; path = CarStats.app; sourceTree = BUILT_PRODUCTS_DIR; };
		12A3A761219C21B300F255E0 /* AppDelegate.swift */ = {isa = PBXFileReference; lastKnownFileType = sourcecode.swift; path = AppDelegate.swift; sourceTree = "<group>"; };
		12A3A763219C21B300F255E0 /* ViewController.swift */ = {isa = PBXFileReference; lastKnownFileType = sourcecode.swift; path = ViewController.swift; sourceTree = "<group>"; };
		12A3A766219C21B300F255E0 /* Base */ = {isa = PBXFileReference; lastKnownFileType = file.storyboard; name = Base; path = Base.lproj/Main.storyboard; sourceTree = "<group>"; };
		12A3A768219C21B400F255E0 /* Assets.xcassets */ = {isa = PBXFileReference; lastKnownFileType = folder.assetcatalog; path = Assets.xcassets; sourceTree = "<group>"; };
		12A3A76B219C21B400F255E0 /* Base */ = {isa = PBXFileReference; lastKnownFileType = file.storyboard; name = Base; path = Base.lproj/LaunchScreen.storyboard; sourceTree = "<group>"; };
		12A3A76D219C21B400F255E0 /* Info.plist */ = {isa = PBXFileReference; lastKnownFileType = text.plist.xml; path = Info.plist; sourceTree = "<group>"; };
		12A3A772219C21B400F255E0 /* CarStatsTests.xctest */ = {isa = PBXFileReference; explicitFileType = wrapper.cfbundle; includeInIndex = 0; path = CarStatsTests.xctest; sourceTree = BUILT_PRODUCTS_DIR; };
		12A3A776219C21B400F255E0 /* CarStatsTests.swift */ = {isa = PBXFileReference; lastKnownFileType = sourcecode.swift; path = CarStatsTests.swift; sourceTree = "<group>"; };
		12A3A778219C21B400F255E0 /* Info.plist */ = {isa = PBXFileReference; lastKnownFileType = text.plist.xml; path = Info.plist; sourceTree = "<group>"; };
		12A3A77D219C21B400F255E0 /* CarStatsUITests.xctest */ = {isa = PBXFileReference; explicitFileType = wrapper.cfbundle; includeInIndex = 0; path = CarStatsUITests.xctest; sourceTree = BUILT_PRODUCTS_DIR; };
		12A3A781219C21B400F255E0 /* CarStatsUITests.swift */ = {isa = PBXFileReference; lastKnownFileType = sourcecode.swift; path = CarStatsUITests.swift; sourceTree = "<group>"; };
		12A3A783219C21B400F255E0 /* Info.plist */ = {isa = PBXFileReference; lastKnownFileType = text.plist.xml; path = Info.plist; sourceTree = "<group>"; };
		12A3A78F219C2F5E00F255E0 /* carList.plist */ = {isa = PBXFileReference; lastKnownFileType = text.plist.xml; path = carList.plist; sourceTree = "<group>"; };
/* End PBXFileReference section */

/* Begin PBXFrameworksBuildPhase section */
		12A3A75B219C21B300F255E0 /* Frameworks */ = {
			isa = PBXFrameworksBuildPhase;
			buildActionMask = 2147483647;
			files = (
			);
			runOnlyForDeploymentPostprocessing = 0;
		};
		12A3A76F219C21B400F255E0 /* Frameworks */ = {
			isa = PBXFrameworksBuildPhase;
			buildActionMask = 2147483647;
			files = (
			);
			runOnlyForDeploymentPostprocessing = 0;
		};
		12A3A77A219C21B400F255E0 /* Frameworks */ = {
			isa = PBXFrameworksBuildPhase;
			buildActionMask = 2147483647;
			files = (
			);
			runOnlyForDeploymentPostprocessing = 0;
		};
/* End PBXFrameworksBuildPhase section */

/* Begin PBXGroup section */
		12A3A755219C21B300F255E0 = {
			isa = PBXGroup;
			children = (
				12A3A760219C21B300F255E0 /* CarStats */,
				12A3A775219C21B400F255E0 /* CarStatsTests */,
				12A3A780219C21B400F255E0 /* CarStatsUITests */,
				12A3A75F219C21B300F255E0 /* Products */,
			);
			sourceTree = "<group>";
		};
		12A3A75F219C21B300F255E0 /* Products */ = {
			isa = PBXGroup;
			children = (
				12A3A75E219C21B300F255E0 /* CarStats.app */,
				12A3A772219C21B400F255E0 /* CarStatsTests.xctest */,
				12A3A77D219C21B400F255E0 /* CarStatsUITests.xctest */,
			);
			name = Products;
			sourceTree = "<group>";
		};
		12A3A760219C21B300F255E0 /* CarStats */ = {
			isa = PBXGroup;
			children = (
				12A3A761219C21B300F255E0 /* AppDelegate.swift */,
				12A3A763219C21B300F255E0 /* ViewController.swift */,
				12A3A765219C21B300F255E0 /* Main.storyboard */,
				12A3A768219C21B400F255E0 /* Assets.xcassets */,
				12A3A76A219C21B400F255E0 /* LaunchScreen.storyboard */,
				12A3A76D219C21B400F255E0 /* Info.plist */,
				12A3A78F219C2F5E00F255E0 /* carList.plist */,
			);
			path = CarStats;
			sourceTree = "<group>";
		};
		12A3A775219C21B400F255E0 /* CarStatsTests */ = {
			isa = PBXGroup;
			children = (
				12A3A776219C21B400F255E0 /* CarStatsTests.swift */,
				12A3A778219C21B400F255E0 /* Info.plist */,
			);
			path = CarStatsTests;
			sourceTree = "<group>";
		};
		12A3A780219C21B400F255E0 /* CarStatsUITests */ = {
			isa = PBXGroup;
			children = (
				12A3A781219C21B400F255E0 /* CarStatsUITests.swift */,
				12A3A783219C21B400F255E0 /* Info.plist */,
			);
			path = CarStatsUITests;
			sourceTree = "<group>";
		};
/* End PBXGroup section */

/* Begin PBXNativeTarget section */
		12A3A75D219C21B300F255E0 /* CarStats */ = {
			isa = PBXNativeTarget;
			buildConfigurationList = 12A3A786219C21B400F255E0 /* Build configuration list for PBXNativeTarget "CarStats" */;
			buildPhases = (
				12A3A75A219C21B300F255E0 /* Sources */,
				12A3A75B219C21B300F255E0 /* Frameworks */,
				12A3A75C219C21B300F255E0 /* Resources */,
			);
			buildRules = (
			);
			dependencies = (
			);
			name = CarStats;
			productName = CarStats;
			productReference = 12A3A75E219C21B300F255E0 /* CarStats.app */;
			productType = "com.apple.product-type.application";
		};
		12A3A771219C21B400F255E0 /* CarStatsTests */ = {
			isa = PBXNativeTarget;
			buildConfigurationList = 12A3A789219C21B400F255E0 /* Build configuration list for PBXNativeTarget "CarStatsTests" */;
			buildPhases = (
				12A3A76E219C21B400F255E0 /* Sources */,
				12A3A76F219C21B400F255E0 /* Frameworks */,
				12A3A770219C21B400F255E0 /* Resources */,
			);
			buildRules = (
			);
			dependencies = (
				12A3A774219C21B400F255E0 /* PBXTargetDependency */,
			);
			name = CarStatsTests;
			productName = CarStatsTests;
			productReference = 12A3A772219C21B400F255E0 /* CarStatsTests.xctest */;
			productType = "com.apple.product-type.bundle.unit-test";
		};
		12A3A77C219C21B400F255E0 /* CarStatsUITests */ = {
			isa = PBXNativeTarget;
			buildConfigurationList = 12A3A78C219C21B400F255E0 /* Build configuration list for PBXNativeTarget "CarStatsUITests" */;
			buildPhases = (
				12A3A779219C21B400F255E0 /* Sources */,
				12A3A77A219C21B400F255E0 /* Frameworks */,
				12A3A77B219C21B400F255E0 /* Resources */,
			);
			buildRules = (
			);
			dependencies = (
				12A3A77F219C21B400F255E0 /* PBXTargetDependency */,
			);
			name = CarStatsUITests;
			productName = CarStatsUITests;
			productReference = 12A3A77D219C21B400F255E0 /* CarStatsUITests.xctest */;
			productType = "com.apple.product-type.bundle.ui-testing";
		};
/* End PBXNativeTarget section */

/* Begin PBXProject section */
		12A3A756219C21B300F255E0 /* Project object */ = {
			isa = PBXProject;
			attributes = {
				LastSwiftUpdateCheck = 1010;
				LastUpgradeCheck = 1010;
				ORGANIZATIONNAME = "Aaron Caines";
				TargetAttributes = {
					12A3A75D219C21B300F255E0 = {
						CreatedOnToolsVersion = 10.1;
					};
					12A3A771219C21B400F255E0 = {
						CreatedOnToolsVersion = 10.1;
						TestTargetID = 12A3A75D219C21B300F255E0;
					};
					12A3A77C219C21B400F255E0 = {
						CreatedOnToolsVersion = 10.1;
						TestTargetID = 12A3A75D219C21B300F255E0;
					};
				};
			};
			buildConfigurationList = 12A3A759219C21B300F255E0 /* Build configuration list for PBXProject "CarStats" */;
			compatibilityVersion = "Xcode 9.3";
			developmentRegion = en;
			hasScannedForEncodings = 0;
			knownRegions = (
				en,
				Base,
			);
			mainGroup = 12A3A755219C21B300F255E0;
			productRefGroup = 12A3A75F219C21B300F255E0 /* Products */;
			projectDirPath = "";
			projectRoot = "";
			targets = (
				12A3A75D219C21B300F255E0 /* CarStats */,
				12A3A771219C21B400F255E0 /* CarStatsTests */,
				12A3A77C219C21B400F255E0 /* CarStatsUITests */,
			);
		};
/* End PBXProject section */

/* Begin PBXResourcesBuildPhase section */
		12A3A75C219C21B300F255E0 /* Resources */ = {
			isa = PBXResourcesBuildPhase;
			buildActionMask = 2147483647;
			files = (
				12A3A76C219C21B400F255E0 /* LaunchScreen.storyboard in Resources */,
				12A3A790219C2F5E00F255E0 /* carList.plist in Resources */,
				12A3A769219C21B400F255E0 /* Assets.xcassets in Resources */,
				12A3A767219C21B300F255E0 /* Main.storyboard in Resources */,
			);
			runOnlyForDeploymentPostprocessing = 0;
		};
		12A3A770219C21B400F255E0 /* Resources */ = {
			isa = PBXResourcesBuildPhase;
			buildActionMask = 2147483647;
			files = (
			);
			runOnlyForDeploymentPostprocessing = 0;
		};
		12A3A77B219C21B400F255E0 /* Resources */ = {
			isa = PBXResourcesBuildPhase;
			buildActionMask = 2147483647;
			files = (
			);
			runOnlyForDeploymentPostprocessing = 0;
		};
/* End PBXResourcesBuildPhase section */

/* Begin PBXSourcesBuildPhase section */
		12A3A75A219C21B300F255E0 /* Sources */ = {
			isa = PBXSourcesBuildPhase;
			buildActionMask = 2147483647;
			files = (
				12A3A764219C21B300F255E0 /* ViewController.swift in Sources */,
				12A3A762219C21B300F255E0 /* AppDelegate.swift in Sources */,
			);
			runOnlyForDeploymentPostprocessing = 0;
		};
		12A3A76E219C21B400F255E0 /* Sources */ = {
			isa = PBXSourcesBuildPhase;
			buildActionMask = 2147483647;
			files = (
				12A3A777219C21B400F255E0 /* CarStatsTests.swift in Sources */,
			);
			runOnlyForDeploymentPostprocessing = 0;
		};
		12A3A779219C21B400F255E0 /* Sources */ = {
			isa = PBXSourcesBuildPhase;
			buildActionMask = 2147483647;
			files = (
				12A3A782219C21B400F255E0 /* CarStatsUITests.swift in Sources */,
			);
			runOnlyForDeploymentPostprocessing = 0;
		};
/* End PBXSourcesBuildPhase section */

/* Begin PBXTargetDependency section */
		12A3A774219C21B400F255E0 /* PBXTargetDependency */ = {
			isa = PBXTargetDependency;
			target = 12A3A75D219C21B300F255E0 /* CarStats */;
			targetProxy = 12A3A773219C21B400F255E0 /* PBXContainerItemProxy */;
		};
		12A3A77F219C21B400F255E0 /* PBXTargetDependency */ = {
			isa = PBXTargetDependency;
			target = 12A3A75D219C21B300F255E0 /* CarStats */;
			targetProxy = 12A3A77E219C21B400F255E0 /* PBXContainerItemProxy */;
		};
/* End PBXTargetDependency section */

/* Begin PBXVariantGroup section */
		12A3A765219C21B300F255E0 /* Main.storyboard */ = {
			isa = PBXVariantGroup;
			children = (
				12A3A766219C21B300F255E0 /* Base */,
			);
			name = Main.storyboard;
			sourceTree = "<group>";
		};
		12A3A76A219C21B400F255E0 /* LaunchScreen.storyboard */ = {
			isa = PBXVariantGroup;
			children = (
				12A3A76B219C21B400F255E0 /* Base */,
			);
			name = LaunchScreen.storyboard;
			sourceTree = "<group>";
		};
/* End PBXVariantGroup section */

/* Begin XCBuildConfiguration section */
		12A3A784219C21B400F255E0 /* Debug */ = {
			isa = XCBuildConfiguration;
			buildSettings = {
				ALWAYS_SEARCH_USER_PATHS = NO;
				CLANG_ANALYZER_NONNULL = YES;
				CLANG_ANALYZER_NUMBER_OBJECT_CONVERSION = YES_AGGRESSIVE;
				CLANG_CXX_LANGUAGE_STANDARD = "gnu++14";
				CLANG_CXX_LIBRARY = "libc++";
				CLANG_ENABLE_MODULES = YES;
				CLANG_ENABLE_OBJC_ARC = YES;
				CLANG_ENABLE_OBJC_WEAK = YES;
				CLANG_WARN_BLOCK_CAPTURE_AUTORELEASING = YES;
				CLANG_WARN_BOOL_CONVERSION = YES;
				CLANG_WARN_COMMA = YES;
				CLANG_WARN_CONSTANT_CONVERSION = YES;
				CLANG_WARN_DEPRECATED_OBJC_IMPLEMENTATIONS = YES;
				CLANG_WARN_DIRECT_OBJC_ISA_USAGE = YES_ERROR;
				CLANG_WARN_DOCUMENTATION_COMMENTS = YES;
				CLANG_WARN_EMPTY_BODY = YES;
				CLANG_WARN_ENUM_CONVERSION = YES;
				CLANG_WARN_INFINITE_RECURSION = YES;
				CLANG_WARN_INT_CONVERSION = YES;
				CLANG_WARN_NON_LITERAL_NULL_CONVERSION = YES;
				CLANG_WARN_OBJC_IMPLICIT_RETAIN_SELF = YES;
				CLANG_WARN_OBJC_LITERAL_CONVERSION = YES;
				CLANG_WARN_OBJC_ROOT_CLASS = YES_ERROR;
				CLANG_WARN_RANGE_LOOP_ANALYSIS = YES;
				CLANG_WARN_STRICT_PROTOTYPES = YES;
				CLANG_WARN_SUSPICIOUS_MOVE = YES;
				CLANG_WARN_UNGUARDED_AVAILABILITY = YES_AGGRESSIVE;
				CLANG_WARN_UNREACHABLE_CODE = YES;
				CLANG_WARN__DUPLICATE_METHOD_MATCH = YES;
				CODE_SIGN_IDENTITY = "iPhone Developer";
				COPY_PHASE_STRIP = NO;
				DEBUG_INFORMATION_FORMAT = dwarf;
				ENABLE_STRICT_OBJC_MSGSEND = YES;
				ENABLE_TESTABILITY = YES;
				GCC_C_LANGUAGE_STANDARD = gnu11;
				GCC_DYNAMIC_NO_PIC = NO;
				GCC_NO_COMMON_BLOCKS = YES;
				GCC_OPTIMIZATION_LEVEL = 0;
				GCC_PREPROCESSOR_DEFINITIONS = (
					"DEBUG=1",
					"$(inherited)",
				);
				GCC_WARN_64_TO_32_BIT_CONVERSION = YES;
				GCC_WARN_ABOUT_RETURN_TYPE = YES_ERROR;
				GCC_WARN_UNDECLARED_SELECTOR = YES;
				GCC_WARN_UNINITIALIZED_AUTOS = YES_AGGRESSIVE;
				GCC_WARN_UNUSED_FUNCTION = YES;
				GCC_WARN_UNUSED_VARIABLE = YES;
				IPHONEOS_DEPLOYMENT_TARGET = 12.1;
				MTL_ENABLE_DEBUG_INFO = INCLUDE_SOURCE;
				MTL_FAST_MATH = YES;
				ONLY_ACTIVE_ARCH = YES;
				SDKROOT = iphoneos;
				SWIFT_ACTIVE_COMPILATION_CONDITIONS = DEBUG;
				SWIFT_OPTIMIZATION_LEVEL = "-Onone";
			};
			name = Debug;
		};
		12A3A785219C21B400F255E0 /* Release */ = {
			isa = XCBuildConfiguration;
			buildSettings = {
				ALWAYS_SEARCH_USER_PATHS = NO;
				CLANG_ANALYZER_NONNULL = YES;
				CLANG_ANALYZER_NUMBER_OBJECT_CONVERSION = YES_AGGRESSIVE;
				CLANG_CXX_LANGUAGE_STANDARD = "gnu++14";
				CLANG_CXX_LIBRARY = "libc++";
				CLANG_ENABLE_MODULES = YES;
				CLANG_ENABLE_OBJC_ARC = YES;
				CLANG_ENABLE_OBJC_WEAK = YES;
				CLANG_WARN_BLOCK_CAPTURE_AUTORELEASING = YES;
				CLANG_WARN_BOOL_CONVERSION = YES;
				CLANG_WARN_COMMA = YES;
				CLANG_WARN_CONSTANT_CONVERSION = YES;
				CLANG_WARN_DEPRECATED_OBJC_IMPLEMENTATIONS = YES;
				CLANG_WARN_DIRECT_OBJC_ISA_USAGE = YES_ERROR;
				CLANG_WARN_DOCUMENTATION_COMMENTS = YES;
				CLANG_WARN_EMPTY_BODY = YES;
				CLANG_WARN_ENUM_CONVERSION = YES;
				CLANG_WARN_INFINITE_RECURSION = YES;
				CLANG_WARN_INT_CONVERSION = YES;
				CLANG_WARN_NON_LITERAL_NULL_CONVERSION = YES;
				CLANG_WARN_OBJC_IMPLICIT_RETAIN_SELF = YES;
				CLANG_WARN_OBJC_LITERAL_CONVERSION = YES;
				CLANG_WARN_OBJC_ROOT_CLASS = YES_ERROR;
				CLANG_WARN_RANGE_LOOP_ANALYSIS = YES;
				CLANG_WARN_STRICT_PROTOTYPES = YES;
				CLANG_WARN_SUSPICIOUS_MOVE = YES;
				CLANG_WARN_UNGUARDED_AVAILABILITY = YES_AGGRESSIVE;
				CLANG_WARN_UNREACHABLE_CODE = YES;
				CLANG_WARN__DUPLICATE_METHOD_MATCH = YES;
				CODE_SIGN_IDENTITY = "iPhone Developer";
				COPY_PHASE_STRIP = NO;
				DEBUG_INFORMATION_FORMAT = "dwarf-with-dsym";
				ENABLE_NS_ASSERTIONS = NO;
				ENABLE_STRICT_OBJC_MSGSEND = YES;
				GCC_C_LANGUAGE_STANDARD = gnu11;
				GCC_NO_COMMON_BLOCKS = YES;
				GCC_WARN_64_TO_32_BIT_CONVERSION = YES;
				GCC_WARN_ABOUT_RETURN_TYPE = YES_ERROR;
				GCC_WARN_UNDECLARED_SELECTOR = YES;
				GCC_WARN_UNINITIALIZED_AUTOS = YES_AGGRESSIVE;
				GCC_WARN_UNUSED_FUNCTION = YES;
				GCC_WARN_UNUSED_VARIABLE = YES;
				IPHONEOS_DEPLOYMENT_TARGET = 12.1;
				MTL_ENABLE_DEBUG_INFO = NO;
				MTL_FAST_MATH = YES;
				SDKROOT = iphoneos;
				SWIFT_COMPILATION_MODE = wholemodule;
				SWIFT_OPTIMIZATION_LEVEL = "-O";
				VALIDATE_PRODUCT = YES;
			};
			name = Release;
		};
		12A3A787219C21B400F255E0 /* Debug */ = {
			isa = XCBuildConfiguration;
			buildSettings = {
				ASSETCATALOG_COMPILER_APPICON_NAME = AppIcon;
				CODE_SIGN_STYLE = Automatic;
				DEVELOPMENT_TEAM = GR8YTJP3JY;
				INFOPLIST_FILE = CarStats/Info.plist;
				LD_RUNPATH_SEARCH_PATHS = (
					"$(inherited)",
					"@executable_path/Frameworks",
				);
				PRODUCT_BUNDLE_IDENTIFIER = com.geekylemondevelopment.CarStats;
				PRODUCT_NAME = "$(TARGET_NAME)";
				SWIFT_VERSION = 4.2;
				TARGETED_DEVICE_FAMILY = "1,2";
			};
			name = Debug;
		};
		12A3A788219C21B400F255E0 /* Release */ = {
			isa = XCBuildConfiguration;
			buildSettings = {
				ASSETCATALOG_COMPILER_APPICON_NAME = AppIcon;
				CODE_SIGN_STYLE = Automatic;
				DEVELOPMENT_TEAM = GR8YTJP3JY;
				INFOPLIST_FILE = CarStats/Info.plist;
				LD_RUNPATH_SEARCH_PATHS = (
					"$(inherited)",
					"@executable_path/Frameworks",
				);
				PRODUCT_BUNDLE_IDENTIFIER = com.geekylemondevelopment.CarStats;
				PRODUCT_NAME = "$(TARGET_NAME)";
				SWIFT_VERSION = 4.2;
				TARGETED_DEVICE_FAMILY = "1,2";
			};
			name = Release;
		};
		12A3A78A219C21B400F255E0 /* Debug */ = {
			isa = XCBuildConfiguration;
			buildSettings = {
				ALWAYS_EMBED_SWIFT_STANDARD_LIBRARIES = YES;
				BUNDLE_LOADER = "$(TEST_HOST)";
				CODE_SIGN_STYLE = Automatic;
				DEVELOPMENT_TEAM = GR8YTJP3JY;
				INFOPLIST_FILE = CarStatsTests/Info.plist;
				LD_RUNPATH_SEARCH_PATHS = (
					"$(inherited)",
					"@executable_path/Frameworks",
					"@loader_path/Frameworks",
				);
				PRODUCT_BUNDLE_IDENTIFIER = com.geekylemondevelopment.CarStatsTests;
				PRODUCT_NAME = "$(TARGET_NAME)";
				SWIFT_VERSION = 4.2;
				TARGETED_DEVICE_FAMILY = "1,2";
				TEST_HOST = "$(BUILT_PRODUCTS_DIR)/CarStats.app/CarStats";
			};
			name = Debug;
		};
		12A3A78B219C21B400F255E0 /* Release */ = {
			isa = XCBuildConfiguration;
			buildSettings = {
				ALWAYS_EMBED_SWIFT_STANDARD_LIBRARIES = YES;
				BUNDLE_LOADER = "$(TEST_HOST)";
				CODE_SIGN_STYLE = Automatic;
				DEVELOPMENT_TEAM = GR8YTJP3JY;
				INFOPLIST_FILE = CarStatsTests/Info.plist;
				LD_RUNPATH_SEARCH_PATHS = (
					"$(inherited)",
					"@executable_path/Frameworks",
					"@loader_path/Frameworks",
				);
				PRODUCT_BUNDLE_IDENTIFIER = com.geekylemondevelopment.CarStatsTests;
				PRODUCT_NAME = "$(TARGET_NAME)";
				SWIFT_VERSION = 4.2;
				TARGETED_DEVICE_FAMILY = "1,2";
				TEST_HOST = "$(BUILT_PRODUCTS_DIR)/CarStats.app/CarStats";
			};
			name = Release;
		};
		12A3A78D219C21B400F255E0 /* Debug */ = {
			isa = XCBuildConfiguration;
			buildSettings = {
				ALWAYS_EMBED_SWIFT_STANDARD_LIBRARIES = YES;
				CODE_SIGN_STYLE = Automatic;
				DEVELOPMENT_TEAM = GR8YTJP3JY;
				INFOPLIST_FILE = CarStatsUITests/Info.plist;
				LD_RUNPATH_SEARCH_PATHS = (
					"$(inherited)",
					"@executable_path/Frameworks",
					"@loader_path/Frameworks",
				);
				PRODUCT_BUNDLE_IDENTIFIER = com.geekylemondevelopment.CarStatsUITests;
				PRODUCT_NAME = "$(TARGET_NAME)";
				SWIFT_VERSION = 4.2;
				TARGETED_DEVICE_FAMILY = "1,2";
				TEST_TARGET_NAME = CarStats;
			};
			name = Debug;
		};
		12A3A78E219C21B400F255E0 /* Release */ = {
			isa = XCBuildConfiguration;
			buildSettings = {
				ALWAYS_EMBED_SWIFT_STANDARD_LIBRARIES = YES;
				CODE_SIGN_STYLE = Automatic;
				DEVELOPMENT_TEAM = GR8YTJP3JY;
				INFOPLIST_FILE = CarStatsUITests/Info.plist;
				LD_RUNPATH_SEARCH_PATHS = (
					"$(inherited)",
					"@executable_path/Frameworks",
					"@loader_path/Frameworks",
				);
				PRODUCT_BUNDLE_IDENTIFIER = com.geekylemondevelopment.CarStatsUITests;
				PRODUCT_NAME = "$(TARGET_NAME)";
				SWIFT_VERSION = 4.2;
				TARGETED_DEVICE_FAMILY = "1,2";
				TEST_TARGET_NAME = CarStats;
			};
			name = Release;
		};
/* End XCBuildConfiguration section */

/* Begin XCConfigurationList section */
		12A3A759219C21B300F255E0 /* Build configuration list for PBXProject "CarStats" */ = {
			isa = XCConfigurationList;
			buildConfigurations = (
				12A3A784219C21B400F255E0 /* Debug */,
				12A3A785219C21B400F255E0 /* Release */,
			);
			defaultConfigurationIsVisible = 0;
			defaultConfigurationName = Release;
		};
		12A3A786219C21B400F255E0 /* Build configuration list for PBXNativeTarget "CarStats" */ = {
			isa = XCConfigurationList;
			buildConfigurations = (
				12A3A787219C21B400F255E0 /* Debug */,
				12A3A788219C21B400F255E0 /* Release */,
			);
			defaultConfigurationIsVisible = 0;
			defaultConfigurationName = Release;
		};
		12A3A789219C21B400F255E0 /* Build configuration list for PBXNativeTarget "CarStatsTests" */ = {
			isa = XCConfigurationList;
			buildConfigurations = (
				12A3A78A219C21B400F255E0 /* Debug */,
				12A3A78B219C21B400F255E0 /* Release */,
			);
			defaultConfigurationIsVisible = 0;
			defaultConfigurationName = Release;
		};
		12A3A78C219C21B400F255E0 /* Build configuration list for PBXNativeTarget "CarStatsUITests" */ = {
			isa = XCConfigurationList;
			buildConfigurations = (
				12A3A78D219C21B400F255E0 /* Debug */,
				12A3A78E219C21B400F255E0 /* Release */,
			);
			defaultConfigurationIsVisible = 0;
			defaultConfigurationName = Release;
		};
/* End XCConfigurationList section */
	};
	rootObject = 12A3A756219C21B300F255E0 /* Project object */;
}
